
Microsoft Visual Studio Solution File, Format Version 12.00
# Visual Studio 15
Project("{FAE04EC0-301F-11D3-BF4B-00C04F79EFBC}") = "ゲーム制作Ⅱ改造用データ", "ゲーム制作Ⅱ改造用データ.csproj", "{BE185958-5CA8-8B42-B8C4-41F02069B5BA}"
EndProject
Project("{FAE04EC0-301F-11D3-BF4B-00C04F79EFBC}") = "ゲーム制作Ⅱ改造用データ.Editor", "ゲーム制作Ⅱ改造用データ.Editor.csproj", "{4D200C90-5841-5AD6-AF4C-47CCE973AFF4}"
EndProject
Global
	GlobalSection(SolutionConfigurationPlatforms) = preSolution
		Debug|Any CPU = Debug|Any CPU
		Release|Any CPU = Release|Any CPU
	EndGlobalSection
	GlobalSection(ProjectConfigurationPlatforms) = postSolution
		{BE185958-5CA8-8B42-B8C4-41F02069B5BA}.Debug|Any CPU.ActiveCfg = Debug|Any CPU
		{BE185958-5CA8-8B42-B8C4-41F02069B5BA}.Debug|Any CPU.Build.0 = Debug|Any CPU
		{BE185958-5CA8-8B42-B8C4-41F02069B5BA}.Release|Any CPU.ActiveCfg = Release|Any CPU
		{BE185958-5CA8-8B42-B8C4-41F02069B5BA}.Release|Any CPU.Build.0 = Release|Any CPU
		{4D200C90-5841-5AD6-AF4C-47CCE973AFF4}.Debug|Any CPU.ActiveCfg = Debug|Any CPU
		{4D200C90-5841-5AD6-AF4C-47CCE973AFF4}.Debug|Any CPU.Build.0 = Debug|Any CPU
		{4D200C90-5841-5AD6-AF4C-47CCE973AFF4}.Release|Any CPU.ActiveCfg = Release|Any CPU
		{4D200C90-5841-5AD6-AF4C-47CCE973AFF4}.Release|Any CPU.Build.0 = Release|Any CPU
	EndGlobalSection
	GlobalSection(SolutionProperties) = preSolution
		HideSolutionNode = FALSE
	EndGlobalSection
EndGlobal
